
Microsoft Visual Studio Solution File, Format Version 12.00
Project("{FAE04EC0-301F-11D3-BF4B-00C04F79EFBC}") = "CarAuction", "CarAuction.csproj", "{AF30CD52-DB15-4BA7-BA6D-35ACF50F6599}"
EndProject
Global
	GlobalSection(SolutionConfigurationPlatforms) = preSolution
		Debug|Any CPU = Debug|Any CPU
		Release|Any CPU = Release|Any CPU
	EndGlobalSection
	GlobalSection(ProjectConfigurationPlatforms) = postSolution
		{AF30CD52-DB15-4BA7-BA6D-35ACF50F6599}.Debug|Any CPU.ActiveCfg = Debug|Any CPU
		{AF30CD52-DB15-4BA7-BA6D-35ACF50F6599}.Debug|Any CPU.Build.0 = Debug|Any CPU
		{AF30CD52-DB15-4BA7-BA6D-35ACF50F6599}.Release|Any CPU.ActiveCfg = Release|Any CPU
		{AF30CD52-DB15-4BA7-BA6D-35ACF50F6599}.Release|Any CPU.Build.0 = Release|Any CPU
	EndGlobalSection
EndGlobal
